{
  "lib/fhevm-solidity": {
    "tag": {
      "name": "v0.6.2",
      "rev": "c90044bbe594af26bcaac0b6224eea2c54817c18"
    }
  },
  "lib/forge-std": {
    "tag": {
      "name": "v1.12.0",
      "rev": "7117c90c8cf6c68e5acce4f09a6b24715cea4de6"
    }
  },
  "lib/openzeppelin-confidential-contracts": {
    "tag": {
      "name": "v0.3.0",
      "rev": "f0914b66f9f3766915403587b1ef1432d53054d3"
    }
  },
  "lib/openzeppelin-contracts": {
    "tag": {
      "name": "v5.5.0",
      "rev": "fcbae5394ae8ad52d8e580a3477db99814b9d565"
    }
  }
}